// !$*UTF8*$!
{
	archiveVersion = 1;
	classes = {
	};
	objectVersion = 48;
	objects = {

/* Begin PBXBuildFile section */
		7F1B2957219CAA3D0062C85D /* StatusBarable.swift in Sources */ = {isa = PBXBuildFile; fileRef = 7F1B2956219CAA3D0062C85D /* StatusBarable.swift */; };
		7F1B2959219CABF30062C85D /* StatusItemable.swift in Sources */ = {isa = PBXBuildFile; fileRef = 7F1B2958219CABF30062C85D /* StatusItemable.swift */; };
		7F1B295B219DF34B0062C85D /* TestEnvironment.swift in Sources */ = {isa = PBXBuildFile; fileRef = 7F1B295A219DF34B0062C85D /* TestEnvironment.swift */; };
		7F247E651FD366D70077D878 /* PhotoService.swift in Sources */ = {isa = PBXBuildFile; fileRef = 7F247E641FD366D70077D878 /* PhotoService.swift */; };
		7F247E691FD375E90077D878 /* PhotoRequest.swift in Sources */ = {isa = PBXBuildFile; fileRef = 7F247E681FD375E90077D878 /* PhotoRequest.swift */; };
		7F247E6B1FD375F10077D878 /* PhotoResponse.swift in Sources */ = {isa = PBXBuildFile; fileRef = 7F247E6A1FD375F10077D878 /* PhotoResponse.swift */; };
		7F247E6F1FD3858E0077D878 /* DataManager.swift in Sources */ = {isa = PBXBuildFile; fileRef = 7F247E6E1FD3858E0077D878 /* DataManager.swift */; };
		7F247E741FD387470077D878 /* PhotoStorageService.swift in Sources */ = {isa = PBXBuildFile; fileRef = 7F247E731FD387470077D878 /* PhotoStorageService.swift */; };
		7F247E761FD393A50077D878 /* BaseOperation.swift in Sources */ = {isa = PBXBuildFile; fileRef = 7F247E751FD393A50077D878 /* BaseOperation.swift */; };
		7F247E7A1FD3944B0077D878 /* NetworkOperation.swift in Sources */ = {isa = PBXBuildFile; fileRef = 7F247E791FD3944B0077D878 /* NetworkOperation.swift */; };
		7F247E7F1FD42E240077D878 /* MenuItem.swift in Sources */ = {isa = PBXBuildFile; fileRef = 7F247E7E1FD42E240077D878 /* MenuItem.swift */; };
		7F247E841FD42FBF0077D878 /* StringExtensions.swift in Sources */ = {isa = PBXBuildFile; fileRef = 7F247E831FD42FBF0077D878 /* StringExtensions.swift */; };
		7F247E871FD430570077D878 /* Menu.swift in Sources */ = {isa = PBXBuildFile; fileRef = 7F247E861FD430570077D878 /* Menu.swift */; };
		7F247E891FD4366A0077D878 /* LoadingStatusItem.swift in Sources */ = {isa = PBXBuildFile; fileRef = 7F247E881FD4366A0077D878 /* LoadingStatusItem.swift */; };
		7F247E8B1FD43F510077D878 /* NSViewExtensions.swift in Sources */ = {isa = PBXBuildFile; fileRef = 7F247E8A1FD43F510077D878 /* NSViewExtensions.swift */; };
		7F247E8D1FD469440077D878 /* PreferencesController.swift in Sources */ = {isa = PBXBuildFile; fileRef = 7F247E8C1FD469440077D878 /* PreferencesController.swift */; };
		7F247E951FD46D140077D878 /* StoryboardExtensions.swift in Sources */ = {isa = PBXBuildFile; fileRef = 7F247E941FD46D140077D878 /* StoryboardExtensions.swift */; };
		7F247E971FD46E770077D878 /* PreferencesService.swift in Sources */ = {isa = PBXBuildFile; fileRef = 7F247E961FD46E770077D878 /* PreferencesService.swift */; };
		7F247E991FD46EA90077D878 /* Preferences.swift in Sources */ = {isa = PBXBuildFile; fileRef = 7F247E981FD46EA90077D878 /* Preferences.swift */; };
		7F247E9D1FD4763F0077D878 /* PreferencesViewController.swift in Sources */ = {isa = PBXBuildFile; fileRef = 7F247E9C1FD4763F0077D878 /* PreferencesViewController.swift */; };
		7F247E9F1FD476910077D878 /* Preferences.storyboard in Resources */ = {isa = PBXBuildFile; fileRef = 7F247EA11FD476910077D878 /* Preferences.storyboard */; };
		7F247EA41FD476A20077D878 /* Localized.strings in Resources */ = {isa = PBXBuildFile; fileRef = 7F247EA61FD476A20077D878 /* Localized.strings */; };
		7F24BE3E2194D210006BE4D0 /* main.swift in Sources */ = {isa = PBXBuildFile; fileRef = 7F24BE3D2194D210006BE4D0 /* main.swift */; };
		7F24BE402194D243006BE4D0 /* AppDelegateFactory.swift in Sources */ = {isa = PBXBuildFile; fileRef = 7F24BE3F2194D243006BE4D0 /* AppDelegateFactory.swift */; };
		7F24BE422194D679006BE4D0 /* template.generated.swift in Sources */ = {isa = PBXBuildFile; fileRef = 7F24BE412194D679006BE4D0 /* template.generated.swift */; };
		7F24BE442194D886006BE4D0 /* UserDefaultable.swift in Sources */ = {isa = PBXBuildFile; fileRef = 7F24BE432194D886006BE4D0 /* UserDefaultable.swift */; };
		7F31E3382187ADB200571BC1 /* ArrayExtensions.swift in Sources */ = {isa = PBXBuildFile; fileRef = 7F31E3372187ADB200571BC1 /* ArrayExtensions.swift */; };
		7F31E33A2187B0EA00571BC1 /* AlertController.swift in Sources */ = {isa = PBXBuildFile; fileRef = 7F31E3392187B0EA00571BC1 /* AlertController.swift */; };
		7F334BEA216D08E30094780E /* Mockable.swift in Sources */ = {isa = PBXBuildFile; fileRef = 7F334BE9216D08E30094780E /* Mockable.swift */; };
		7F365DF021007FE20074F0BF /* MenuItemViewState.swift in Sources */ = {isa = PBXBuildFile; fileRef = 7F365DEF21007FE20074F0BF /* MenuItemViewState.swift */; };
		7F4291F5217B27AA003E64C2 /* Colors.xcassets in Resources */ = {isa = PBXBuildFile; fileRef = 7F4291F4217B27AA003E64C2 /* Colors.xcassets */; };
		7F4291F7217B288D003E64C2 /* ColorExtensions.swift in Sources */ = {isa = PBXBuildFile; fileRef = 7F4291F6217B288D003E64C2 /* ColorExtensions.swift */; };
		7F509A9D1FDB399E00152B33 /* AppMenu.swift in Sources */ = {isa = PBXBuildFile; fileRef = 7F509A9C1FDB399E00152B33 /* AppMenu.swift */; };
		7F509A9F1FDD6C0800152B33 /* Workspacing.swift in Sources */ = {isa = PBXBuildFile; fileRef = 7F509A9E1FDD6C0800152B33 /* Workspacing.swift */; };
		7F51DAA21FD33DF100502804 /* AppDelegate.swift in Sources */ = {isa = PBXBuildFile; fileRef = 7F51DAA11FD33DF100502804 /* AppDelegate.swift */; };
		7F51DAA41FD33DF100502804 /* Assets.xcassets in Resources */ = {isa = PBXBuildFile; fileRef = 7F51DAA31FD33DF100502804 /* Assets.xcassets */; };
		7F51DAB01FD33DFD00502804 /* NetworkManager.swift in Sources */ = {isa = PBXBuildFile; fileRef = 7F51DAAF1FD33DFD00502804 /* NetworkManager.swift */; };
		7F51DAB21FD33E3200502804 /* Request.swift in Sources */ = {isa = PBXBuildFile; fileRef = 7F51DAB11FD33E3200502804 /* Request.swift */; };
		7F51DAB41FD33E6800502804 /* PhotoAlbumsRequest.swift in Sources */ = {isa = PBXBuildFile; fileRef = 7F51DAB31FD33E6800502804 /* PhotoAlbumsRequest.swift */; };
		7F51DAB61FD33E9000502804 /* HTTPVerb.swift in Sources */ = {isa = PBXBuildFile; fileRef = 7F51DAB51FD33E8F00502804 /* HTTPVerb.swift */; };
		7F51DAB81FD33F1B00502804 /* Response.swift in Sources */ = {isa = PBXBuildFile; fileRef = 7F51DAB71FD33F1B00502804 /* Response.swift */; };
		7F51DABA1FD33F5300502804 /* PhotoAlbumsResponse.swift in Sources */ = {isa = PBXBuildFile; fileRef = 7F51DAB91FD33F5300502804 /* PhotoAlbumsResponse.swift */; };
		7F51DABC1FD3405000502804 /* PhotoAlbum.swift in Sources */ = {isa = PBXBuildFile; fileRef = 7F51DABB1FD3405000502804 /* PhotoAlbum.swift */; };
		7F51DABE1FD345EA00502804 /* AppController.swift in Sources */ = {isa = PBXBuildFile; fileRef = 7F51DABD1FD345EA00502804 /* AppController.swift */; };
		7F51DAC21FD3482400502804 /* API.swift in Sources */ = {isa = PBXBuildFile; fileRef = 7F51DAC11FD3482400502804 /* API.swift */; };
		7F51DAC41FD348D500502804 /* PhotoAlbumService.swift in Sources */ = {isa = PBXBuildFile; fileRef = 7F51DAC31FD348D500502804 /* PhotoAlbumService.swift */; };
		7F51DACE1FD34A4500502804 /* Log.swift in Sources */ = {isa = PBXBuildFile; fileRef = 7F51DACD1FD34A4500502804 /* Log.swift */; };
		7F51DAD11FD34B1200502804 /* PhotoResource.swift in Sources */ = {isa = PBXBuildFile; fileRef = 7F51DAD01FD34B1200502804 /* PhotoResource.swift */; };
		7F51DAD31FD34D0B00502804 /* PhotoResourceRequest.swift in Sources */ = {isa = PBXBuildFile; fileRef = 7F51DAD21FD34D0B00502804 /* PhotoResourceRequest.swift */; };
		7F51DAD51FD34D2A00502804 /* PhotoResourceResponse.swift in Sources */ = {isa = PBXBuildFile; fileRef = 7F51DAD41FD34D2A00502804 /* PhotoResourceResponse.swift */; };
		7F543E94214E8333008C2D5D /* NSMenuExtensions.swift in Sources */ = {isa = PBXBuildFile; fileRef = 7F543E93214E8333008C2D5D /* NSMenuExtensions.swift */; };
		7F615D941FD6A49E00DD519C /* AppMenuController.swift in Sources */ = {isa = PBXBuildFile; fileRef = 7F615D931FD6A49E00DD519C /* AppMenuController.swift */; };
		7F635A42218A6D7A0013E970 /* NSTextFieldExensions.swift in Sources */ = {isa = PBXBuildFile; fileRef = 7F635A41218A6D7A0013E970 /* NSTextFieldExensions.swift */; };
		7F65672D1FE04B1200A6CB7F /* Applicationable.swift in Sources */ = {isa = PBXBuildFile; fileRef = 7F65672C1FE04B1200A6CB7F /* Applicationable.swift */; };
		7F6567481FE2A9F200A6CB7F /* WindowControlling.swift in Sources */ = {isa = PBXBuildFile; fileRef = 7F6567471FE2A9F200A6CB7F /* WindowControlling.swift */; };
		7F65C8A92189E6D700634454 /* Testable.swift in Sources */ = {isa = PBXBuildFile; fileRef = 7F65C8A82189E6D700634454 /* Testable.swift */; };
		7F65C8AB218A00E500634454 /* AboutTests.swift in Sources */ = {isa = PBXBuildFile; fileRef = 7F65C8AA218A00E500634454 /* AboutTests.swift */; };
		7F65C8AD218A011600634454 /* SystemPreferencesTests.swift in Sources */ = {isa = PBXBuildFile; fileRef = 7F65C8AC218A011600634454 /* SystemPreferencesTests.swift */; };
		7F65C8AF218A012A00634454 /* PreferencesTests.swift in Sources */ = {isa = PBXBuildFile; fileRef = 7F65C8AE218A012A00634454 /* PreferencesTests.swift */; };
		7F65C8B1218A013A00634454 /* CancelRefreshTests.swift in Sources */ = {isa = PBXBuildFile; fileRef = 7F65C8B0218A013A00634454 /* CancelRefreshTests.swift */; };
		7F65C8B3218A014600634454 /* RefreshTests.swift in Sources */ = {isa = PBXBuildFile; fileRef = 7F65C8B2218A014600634454 /* RefreshTests.swift */; };
		7F65C8B5218A015600634454 /* ClearFolderTests.swift in Sources */ = {isa = PBXBuildFile; fileRef = 7F65C8B4218A015600634454 /* ClearFolderTests.swift */; };
		7F6738B31FE2CE3A004DDAE1 /* FileManaging.swift in Sources */ = {isa = PBXBuildFile; fileRef = 7F6738B21FE2CE3A004DDAE1 /* FileManaging.swift */; };
		7F6738C31FE2E4CC004DDAE1 /* QuitTests.swift in Sources */ = {isa = PBXBuildFile; fileRef = 7F6738C21FE2E4CC004DDAE1 /* QuitTests.swift */; };
		7F925E6720460B250071F249 /* PreferencesViewState.swift in Sources */ = {isa = PBXBuildFile; fileRef = 7F925E6620460B250071F249 /* PreferencesViewState.swift */; };
		7F98DB8D2180EBCA00656466 /* Result.swift in Sources */ = {isa = PBXBuildFile; fileRef = 7F98DB8C2180EBCA00656466 /* Result.swift */; };
		7FCA8F1D2177BF3A0088E621 /* URLExtensions.swift in Sources */ = {isa = PBXBuildFile; fileRef = 7FCA8F1C2177BF3A0088E621 /* URLExtensions.swift */; };
		7FCA8F1F2177BFC20088E621 /* Keyable.swift in Sources */ = {isa = PBXBuildFile; fileRef = 7FCA8F1E2177BFC20088E621 /* Keyable.swift */; };
		7FCA8F212177C8EC0088E621 /* NSTextFieldExtensions.swift in Sources */ = {isa = PBXBuildFile; fileRef = 7FCA8F202177C8EC0088E621 /* NSTextFieldExtensions.swift */; };
		7FCF0EED1FD6C60300138D77 /* PhotoController.swift in Sources */ = {isa = PBXBuildFile; fileRef = 7FCF0EEC1FD6C60300138D77 /* PhotoController.swift */; };
		7FCF0EF11FD6CAE300138D77 /* WorkspaceController.swift in Sources */ = {isa = PBXBuildFile; fileRef = 7FCF0EF01FD6CAE300138D77 /* WorkspaceController.swift */; };
		7FCF0EFB1FDA999B00138D77 /* SystemPreference.swift in Sources */ = {isa = PBXBuildFile; fileRef = 7FCF0EFA1FDA999B00138D77 /* SystemPreference.swift */; };
		7FDE111A21989540001A424C /* AsyncFlow.swift in Sources */ = {isa = PBXBuildFile; fileRef = 7FDE111921989540001A424C /* AsyncFlow.swift */; };
		7FDE111C2198C008001A424C /* AnyResult.swift in Sources */ = {isa = PBXBuildFile; fileRef = 7FDE111B2198C008001A424C /* AnyResult.swift */; };
		7FDE11222199FC77001A424C /* Progress.swift in Sources */ = {isa = PBXBuildFile; fileRef = 7FDE11212199FC77001A424C /* Progress.swift */; };
		7FDE1124219A0976001A424C /* TestNetworkManager.swift in Sources */ = {isa = PBXBuildFile; fileRef = 7FDE1123219A0976001A424C /* TestNetworkManager.swift */; };
		7FDE1126219A0F49001A424C /* photoAlbumResponse_1album.js in Resources */ = {isa = PBXBuildFile; fileRef = 7FDE1125219A0F49001A424C /* photoAlbumResponse_1album.js */; };
		7FDE1128219A0FD2001A424C /* photoResponse_1photo.html in Resources */ = {isa = PBXBuildFile; fileRef = 7FDE1127219A0FD2001A424C /* photoResponse_1photo.html */; };
		7FDE112A219A108D001A424C /* photoResourceResponse_1photo.html in Resources */ = {isa = PBXBuildFile; fileRef = 7FDE1129219A108D001A424C /* photoResourceResponse_1photo.html */; };
		7FED2CA52116145600AAE2A5 /* MenuViewState.swift in Sources */ = {isa = PBXBuildFile; fileRef = 7FED2CA42116145600AAE2A5 /* MenuViewState.swift */; };
		7FED2CA7211623E600AAE2A5 /* LoadingStatusItemViewState.swift in Sources */ = {isa = PBXBuildFile; fileRef = 7FED2CA6211623E600AAE2A5 /* LoadingStatusItemViewState.swift */; };
		7FED2CAF2118830200AAE2A5 /* MenuAction.swift in Sources */ = {isa = PBXBuildFile; fileRef = 7FED2CAE2118830200AAE2A5 /* MenuAction.swift */; };
		7FF29062219601DF0018C003 /* UserNotificationCentering.swift in Sources */ = {isa = PBXBuildFile; fileRef = 7FF29061219601DF0018C003 /* UserNotificationCentering.swift */; };
		7FF290642196030B0018C003 /* Alert.swift in Sources */ = {isa = PBXBuildFile; fileRef = 7FF290632196030B0018C003 /* Alert.swift */; };
		7FF29066219617FC0018C003 /* ResponseTests.swift in Sources */ = {isa = PBXBuildFile; fileRef = 7FF29065219617FC0018C003 /* ResponseTests.swift */; };
		7FF29068219622BD0018C003 /* Error.swift in Sources */ = {isa = PBXBuildFile; fileRef = 7FF29067219622BD0018C003 /* Error.swift */; };
		7FF2906A2196279A0018C003 /* Reachability.swift in Sources */ = {isa = PBXBuildFile; fileRef = 7FF290692196279A0018C003 /* Reachability.swift */; };
		7FF2906C21962D190018C003 /* ReachabilityTests.swift in Sources */ = {isa = PBXBuildFile; fileRef = 7FF2906B21962D190018C003 /* ReachabilityTests.swift */; };
		7FF2906E2196ECEF0018C003 /* EmailController.swift in Sources */ = {isa = PBXBuildFile; fileRef = 7FF2906D2196ECEF0018C003 /* EmailController.swift */; };
		7FF290702196EF8E0018C003 /* SharingServicable.swift in Sources */ = {isa = PBXBuildFile; fileRef = 7FF2906F2196EF8E0018C003 /* SharingServicable.swift */; };
		7FF290722196F40D0018C003 /* EmailTests.swift in Sources */ = {isa = PBXBuildFile; fileRef = 7FF290712196F40D0018C003 /* EmailTests.swift */; };
		7FF290742196F5D50018C003 /* HelpTests.swift in Sources */ = {isa = PBXBuildFile; fileRef = 7FF290732196F5D50018C003 /* HelpTests.swift */; };
		7FF290762196FBA30018C003 /* Wait.swift in Sources */ = {isa = PBXBuildFile; fileRef = 7FF290752196FBA30018C003 /* Wait.swift */; };
		7FF29078219730A90018C003 /* OperationQueueable.swift in Sources */ = {isa = PBXBuildFile; fileRef = 7FF29077219730A90018C003 /* OperationQueueable.swift */; };
		7FF2907A219730BE0018C003 /* URLSessioning.swift in Sources */ = {isa = PBXBuildFile; fileRef = 7FF29079219730BE0018C003 /* URLSessioning.swift */; };
		7FF2908D21973E100018C003 /* TestResource.swift in Sources */ = {isa = PBXBuildFile; fileRef = 7FF2908C21973E100018C003 /* TestResource.swift */; };
		7FF2908E21973F970018C003 /* photoAlbumResponse_real.js in Resources */ = {isa = PBXBuildFile; fileRef = 7FF2908521973D0E0018C003 /* photoAlbumResponse_real.js */; };
		7FF2908F21973F9B0018C003 /* photoResourceResponse_real.html in Resources */ = {isa = PBXBuildFile; fileRef = 7FF2908721973D0E0018C003 /* photoResourceResponse_real.html */; };
		7FF2909021973F9F0018C003 /* photoResponse_real.html in Resources */ = {isa = PBXBuildFile; fileRef = 7FF2908421973D0D0018C003 /* photoResponse_real.html */; };
/* End PBXBuildFile section */

/* Begin PBXContainerItemProxy section */
		7F6738C51FE2E4CC004DDAE1 /* PBXContainerItemProxy */ = {
			isa = PBXContainerItemProxy;
			containerPortal = 7F51DA961FD33DF100502804 /* Project object */;
			proxyType = 1;
			remoteGlobalIDString = 7F51DA9D1FD33DF100502804;
			remoteInfo = GrafittiBackgrounds;
		};
/* End PBXContainerItemProxy section */

/* Begin PBXFileReference section */
		7F1B2956219CAA3D0062C85D /* StatusBarable.swift */ = {isa = PBXFileReference; lastKnownFileType = sourcecode.swift; path = StatusBarable.swift; sourceTree = "<group>"; };
		7F1B2958219CABF30062C85D /* StatusItemable.swift */ = {isa = PBXFileReference; lastKnownFileType = sourcecode.swift; path = StatusItemable.swift; sourceTree = "<group>"; };
		7F1B295A219DF34B0062C85D /* TestEnvironment.swift */ = {isa = PBXFileReference; lastKnownFileType = sourcecode.swift; path = TestEnvironment.swift; sourceTree = "<group>"; };
		7F247E641FD366D70077D878 /* PhotoService.swift */ = {isa = PBXFileReference; lastKnownFileType = sourcecode.swift; path = PhotoService.swift; sourceTree = "<group>"; };
		7F247E681FD375E90077D878 /* PhotoRequest.swift */ = {isa = PBXFileReference; lastKnownFileType = sourcecode.swift; path = PhotoRequest.swift; sourceTree = "<group>"; };
		7F247E6A1FD375F10077D878 /* PhotoResponse.swift */ = {isa = PBXFileReference; lastKnownFileType = sourcecode.swift; path = PhotoResponse.swift; sourceTree = "<group>"; };
		7F247E6E1FD3858E0077D878 /* DataManager.swift */ = {isa = PBXFileReference; lastKnownFileType = sourcecode.swift; path = DataManager.swift; sourceTree = "<group>"; };
		7F247E731FD387470077D878 /* PhotoStorageService.swift */ = {isa = PBXFileReference; lastKnownFileType = sourcecode.swift; path = PhotoStorageService.swift; sourceTree = "<group>"; };
		7F247E751FD393A50077D878 /* BaseOperation.swift */ = {isa = PBXFileReference; fileEncoding = 4; lastKnownFileType = sourcecode.swift; path = BaseOperation.swift; sourceTree = "<group>"; };
		7F247E791FD3944B0077D878 /* NetworkOperation.swift */ = {isa = PBXFileReference; lastKnownFileType = sourcecode.swift; path = NetworkOperation.swift; sourceTree = "<group>"; };
		7F247E7E1FD42E240077D878 /* MenuItem.swift */ = {isa = PBXFileReference; lastKnownFileType = sourcecode.swift; path = MenuItem.swift; sourceTree = "<group>"; };
		7F247E831FD42FBF0077D878 /* StringExtensions.swift */ = {isa = PBXFileReference; lastKnownFileType = sourcecode.swift; path = StringExtensions.swift; sourceTree = "<group>"; };
		7F247E861FD430570077D878 /* Menu.swift */ = {isa = PBXFileReference; lastKnownFileType = sourcecode.swift; path = Menu.swift; sourceTree = "<group>"; };
		7F247E881FD4366A0077D878 /* LoadingStatusItem.swift */ = {isa = PBXFileReference; lastKnownFileType = sourcecode.swift; path = LoadingStatusItem.swift; sourceTree = "<group>"; };
		7F247E8A1FD43F510077D878 /* NSViewExtensions.swift */ = {isa = PBXFileReference; lastKnownFileType = sourcecode.swift; path = NSViewExtensions.swift; sourceTree = "<group>"; };
		7F247E8C1FD469440077D878 /* PreferencesController.swift */ = {isa = PBXFileReference; lastKnownFileType = sourcecode.swift; path = PreferencesController.swift; sourceTree = "<group>"; };
		7F247E941FD46D140077D878 /* StoryboardExtensions.swift */ = {isa = PBXFileReference; lastKnownFileType = sourcecode.swift; path = StoryboardExtensions.swift; sourceTree = "<group>"; };
		7F247E961FD46E770077D878 /* PreferencesService.swift */ = {isa = PBXFileReference; lastKnownFileType = sourcecode.swift; path = PreferencesService.swift; sourceTree = "<group>"; };
		7F247E981FD46EA90077D878 /* Preferences.swift */ = {isa = PBXFileReference; lastKnownFileType = sourcecode.swift; path = Preferences.swift; sourceTree = "<group>"; };
		7F247E9C1FD4763F0077D878 /* PreferencesViewController.swift */ = {isa = PBXFileReference; lastKnownFileType = sourcecode.swift; path = PreferencesViewController.swift; sourceTree = "<group>"; };
		7F247EA01FD476910077D878 /* Base */ = {isa = PBXFileReference; lastKnownFileType = file.storyboard; name = Base; path = Base.lproj/Preferences.storyboard; sourceTree = "<group>"; };
		7F247EA71FD476A70077D878 /* Base */ = {isa = PBXFileReference; lastKnownFileType = text.plist.strings; name = Base; path = Base.lproj/Localized.strings; sourceTree = "<group>"; };
		7F247EA81FD476BF0077D878 /* en */ = {isa = PBXFileReference; lastKnownFileType = text.plist.strings; name = en; path = en.lproj/Localized.strings; sourceTree = "<group>"; };
		7F247EB31FD485EA0077D878 /* en */ = {isa = PBXFileReference; lastKnownFileType = text.plist.strings; name = en; path = en.lproj/Preferences.strings; sourceTree = "<group>"; };
		7F247EB51FD496860077D878 /* change-log.txt */ = {isa = PBXFileReference; lastKnownFileType = text; path = "change-log.txt"; sourceTree = "<group>"; };
		7F24BE3D2194D210006BE4D0 /* main.swift */ = {isa = PBXFileReference; fileEncoding = 4; lastKnownFileType = sourcecode.swift; path = main.swift; sourceTree = "<group>"; };
		7F24BE3F2194D243006BE4D0 /* AppDelegateFactory.swift */ = {isa = PBXFileReference; fileEncoding = 4; lastKnownFileType = sourcecode.swift; path = AppDelegateFactory.swift; sourceTree = "<group>"; };
		7F24BE412194D679006BE4D0 /* template.generated.swift */ = {isa = PBXFileReference; fileEncoding = 4; lastKnownFileType = sourcecode.swift; name = template.generated.swift; path = Output/template.generated.swift; sourceTree = SOURCE_ROOT; };
		7F24BE432194D886006BE4D0 /* UserDefaultable.swift */ = {isa = PBXFileReference; lastKnownFileType = sourcecode.swift; path = UserDefaultable.swift; sourceTree = "<group>"; };
		7F31E3372187ADB200571BC1 /* ArrayExtensions.swift */ = {isa = PBXFileReference; lastKnownFileType = sourcecode.swift; path = ArrayExtensions.swift; sourceTree = "<group>"; };
		7F31E3392187B0EA00571BC1 /* AlertController.swift */ = {isa = PBXFileReference; lastKnownFileType = sourcecode.swift; path = AlertController.swift; sourceTree = "<group>"; };
		7F334BE9216D08E30094780E /* Mockable.swift */ = {isa = PBXFileReference; lastKnownFileType = sourcecode.swift; path = Mockable.swift; sourceTree = "<group>"; };
		7F365DEF21007FE20074F0BF /* MenuItemViewState.swift */ = {isa = PBXFileReference; lastKnownFileType = sourcecode.swift; path = MenuItemViewState.swift; sourceTree = "<group>"; };
		7F4291F4217B27AA003E64C2 /* Colors.xcassets */ = {isa = PBXFileReference; lastKnownFileType = folder.assetcatalog; path = Colors.xcassets; sourceTree = "<group>"; };
		7F4291F6217B288D003E64C2 /* ColorExtensions.swift */ = {isa = PBXFileReference; lastKnownFileType = sourcecode.swift; path = ColorExtensions.swift; sourceTree = "<group>"; };
		7F509A9C1FDB399E00152B33 /* AppMenu.swift */ = {isa = PBXFileReference; lastKnownFileType = sourcecode.swift; path = AppMenu.swift; sourceTree = "<group>"; };
		7F509A9E1FDD6C0800152B33 /* Workspacing.swift */ = {isa = PBXFileReference; lastKnownFileType = sourcecode.swift; path = Workspacing.swift; sourceTree = "<group>"; };
		7F51DA9E1FD33DF100502804 /* Grafitti Backgrounds.app */ = {isa = PBXFileReference; explicitFileType = wrapper.application; includeInIndex = 0; path = "Grafitti Backgrounds.app"; sourceTree = BUILT_PRODUCTS_DIR; };
		7F51DAA11FD33DF100502804 /* AppDelegate.swift */ = {isa = PBXFileReference; lastKnownFileType = sourcecode.swift; path = AppDelegate.swift; sourceTree = "<group>"; };
		7F51DAA31FD33DF100502804 /* Assets.xcassets */ = {isa = PBXFileReference; lastKnownFileType = folder.assetcatalog; path = Assets.xcassets; sourceTree = "<group>"; };
		7F51DAA81FD33DF100502804 /* Info.plist */ = {isa = PBXFileReference; lastKnownFileType = text.plist.xml; path = Info.plist; sourceTree = "<group>"; };
		7F51DAA91FD33DF100502804 /* GrafittiBackgrounds.entitlements */ = {isa = PBXFileReference; lastKnownFileType = text.plist.entitlements; path = GrafittiBackgrounds.entitlements; sourceTree = "<group>"; };
		7F51DAAF1FD33DFD00502804 /* NetworkManager.swift */ = {isa = PBXFileReference; lastKnownFileType = sourcecode.swift; path = NetworkManager.swift; sourceTree = "<group>"; };
		7F51DAB11FD33E3200502804 /* Request.swift */ = {isa = PBXFileReference; lastKnownFileType = sourcecode.swift; path = Request.swift; sourceTree = "<group>"; };
		7F51DAB31FD33E6800502804 /* PhotoAlbumsRequest.swift */ = {isa = PBXFileReference; lastKnownFileType = sourcecode.swift; path = PhotoAlbumsRequest.swift; sourceTree = "<group>"; };
		7F51DAB51FD33E8F00502804 /* HTTPVerb.swift */ = {isa = PBXFileReference; lastKnownFileType = sourcecode.swift; path = HTTPVerb.swift; sourceTree = "<group>"; };
		7F51DAB71FD33F1B00502804 /* Response.swift */ = {isa = PBXFileReference; lastKnownFileType = sourcecode.swift; path = Response.swift; sourceTree = "<group>"; };
		7F51DAB91FD33F5300502804 /* PhotoAlbumsResponse.swift */ = {isa = PBXFileReference; lastKnownFileType = sourcecode.swift; path = PhotoAlbumsResponse.swift; sourceTree = "<group>"; };
		7F51DABB1FD3405000502804 /* PhotoAlbum.swift */ = {isa = PBXFileReference; lastKnownFileType = sourcecode.swift; path = PhotoAlbum.swift; sourceTree = "<group>"; };
		7F51DABD1FD345EA00502804 /* AppController.swift */ = {isa = PBXFileReference; lastKnownFileType = sourcecode.swift; path = AppController.swift; sourceTree = "<group>"; };
		7F51DAC11FD3482400502804 /* API.swift */ = {isa = PBXFileReference; lastKnownFileType = sourcecode.swift; path = API.swift; sourceTree = "<group>"; };
		7F51DAC31FD348D500502804 /* PhotoAlbumService.swift */ = {isa = PBXFileReference; lastKnownFileType = sourcecode.swift; path = PhotoAlbumService.swift; sourceTree = "<group>"; };
		7F51DACD1FD34A4500502804 /* Log.swift */ = {isa = PBXFileReference; lastKnownFileType = sourcecode.swift; path = Log.swift; sourceTree = "<group>"; };
		7F51DAD01FD34B1200502804 /* PhotoResource.swift */ = {isa = PBXFileReference; lastKnownFileType = sourcecode.swift; path = PhotoResource.swift; sourceTree = "<group>"; };
		7F51DAD21FD34D0B00502804 /* PhotoResourceRequest.swift */ = {isa = PBXFileReference; lastKnownFileType = sourcecode.swift; path = PhotoResourceRequest.swift; sourceTree = "<group>"; };
		7F51DAD41FD34D2A00502804 /* PhotoResourceResponse.swift */ = {isa = PBXFileReference; lastKnownFileType = sourcecode.swift; path = PhotoResourceResponse.swift; sourceTree = "<group>"; };
		7F543E93214E8333008C2D5D /* NSMenuExtensions.swift */ = {isa = PBXFileReference; lastKnownFileType = sourcecode.swift; path = NSMenuExtensions.swift; sourceTree = "<group>"; };
		7F615D931FD6A49E00DD519C /* AppMenuController.swift */ = {isa = PBXFileReference; lastKnownFileType = sourcecode.swift; path = AppMenuController.swift; sourceTree = "<group>"; };
		7F635A41218A6D7A0013E970 /* NSTextFieldExensions.swift */ = {isa = PBXFileReference; lastKnownFileType = sourcecode.swift; path = NSTextFieldExensions.swift; sourceTree = "<group>"; };
		7F65672C1FE04B1200A6CB7F /* Applicationable.swift */ = {isa = PBXFileReference; lastKnownFileType = sourcecode.swift; path = Applicationable.swift; sourceTree = "<group>"; };
		7F6567471FE2A9F200A6CB7F /* WindowControlling.swift */ = {isa = PBXFileReference; lastKnownFileType = sourcecode.swift; path = WindowControlling.swift; sourceTree = "<group>"; };
		7F65C8A82189E6D700634454 /* Testable.swift */ = {isa = PBXFileReference; lastKnownFileType = sourcecode.swift; path = Testable.swift; sourceTree = "<group>"; };
		7F65C8AA218A00E500634454 /* AboutTests.swift */ = {isa = PBXFileReference; lastKnownFileType = sourcecode.swift; path = AboutTests.swift; sourceTree = "<group>"; };
		7F65C8AC218A011600634454 /* SystemPreferencesTests.swift */ = {isa = PBXFileReference; lastKnownFileType = sourcecode.swift; path = SystemPreferencesTests.swift; sourceTree = "<group>"; };
		7F65C8AE218A012A00634454 /* PreferencesTests.swift */ = {isa = PBXFileReference; lastKnownFileType = sourcecode.swift; path = PreferencesTests.swift; sourceTree = "<group>"; };
		7F65C8B0218A013A00634454 /* CancelRefreshTests.swift */ = {isa = PBXFileReference; lastKnownFileType = sourcecode.swift; path = CancelRefreshTests.swift; sourceTree = "<group>"; };
		7F65C8B2218A014600634454 /* RefreshTests.swift */ = {isa = PBXFileReference; lastKnownFileType = sourcecode.swift; path = RefreshTests.swift; sourceTree = "<group>"; };
		7F65C8B4218A015600634454 /* ClearFolderTests.swift */ = {isa = PBXFileReference; lastKnownFileType = sourcecode.swift; path = ClearFolderTests.swift; sourceTree = "<group>"; };
		7F6738B21FE2CE3A004DDAE1 /* FileManaging.swift */ = {isa = PBXFileReference; lastKnownFileType = sourcecode.swift; path = FileManaging.swift; sourceTree = "<group>"; };
		7F6738C01FE2E4CB004DDAE1 /* GrafittiBackgroundsTests.xctest */ = {isa = PBXFileReference; explicitFileType = wrapper.cfbundle; includeInIndex = 0; path = GrafittiBackgroundsTests.xctest; sourceTree = BUILT_PRODUCTS_DIR; };
		7F6738C21FE2E4CC004DDAE1 /* QuitTests.swift */ = {isa = PBXFileReference; lastKnownFileType = sourcecode.swift; path = QuitTests.swift; sourceTree = "<group>"; };
		7F6738C41FE2E4CC004DDAE1 /* Info.plist */ = {isa = PBXFileReference; lastKnownFileType = text.plist.xml; path = Info.plist; sourceTree = "<group>"; };
		7F925E6620460B250071F249 /* PreferencesViewState.swift */ = {isa = PBXFileReference; lastKnownFileType = sourcecode.swift; path = PreferencesViewState.swift; sourceTree = "<group>"; };
		7F98DB8C2180EBCA00656466 /* Result.swift */ = {isa = PBXFileReference; lastKnownFileType = sourcecode.swift; path = Result.swift; sourceTree = "<group>"; };
		7FCA8F1C2177BF3A0088E621 /* URLExtensions.swift */ = {isa = PBXFileReference; lastKnownFileType = sourcecode.swift; path = URLExtensions.swift; sourceTree = "<group>"; };
		7FCA8F1E2177BFC20088E621 /* Keyable.swift */ = {isa = PBXFileReference; lastKnownFileType = sourcecode.swift; path = Keyable.swift; sourceTree = "<group>"; };
		7FCA8F202177C8EC0088E621 /* NSTextFieldExtensions.swift */ = {isa = PBXFileReference; lastKnownFileType = sourcecode.swift; path = NSTextFieldExtensions.swift; sourceTree = "<group>"; };
		7FCF0EEC1FD6C60300138D77 /* PhotoController.swift */ = {isa = PBXFileReference; lastKnownFileType = sourcecode.swift; path = PhotoController.swift; sourceTree = "<group>"; };
		7FCF0EF01FD6CAE300138D77 /* WorkspaceController.swift */ = {isa = PBXFileReference; lastKnownFileType = sourcecode.swift; path = WorkspaceController.swift; sourceTree = "<group>"; };
		7FCF0EFA1FDA999B00138D77 /* SystemPreference.swift */ = {isa = PBXFileReference; lastKnownFileType = sourcecode.swift; path = SystemPreference.swift; sourceTree = "<group>"; };
		7FDE111921989540001A424C /* AsyncFlow.swift */ = {isa = PBXFileReference; lastKnownFileType = sourcecode.swift; path = AsyncFlow.swift; sourceTree = "<group>"; };
		7FDE111B2198C008001A424C /* AnyResult.swift */ = {isa = PBXFileReference; lastKnownFileType = sourcecode.swift; path = AnyResult.swift; sourceTree = "<group>"; };
		7FDE11212199FC77001A424C /* Progress.swift */ = {isa = PBXFileReference; lastKnownFileType = sourcecode.swift; path = Progress.swift; sourceTree = "<group>"; };
		7FDE1123219A0976001A424C /* TestNetworkManager.swift */ = {isa = PBXFileReference; lastKnownFileType = sourcecode.swift; path = TestNetworkManager.swift; sourceTree = "<group>"; };
		7FDE1125219A0F49001A424C /* photoAlbumResponse_1album.js */ = {isa = PBXFileReference; lastKnownFileType = sourcecode.javascript; path = photoAlbumResponse_1album.js; sourceTree = "<group>"; };
		7FDE1127219A0FD2001A424C /* photoResponse_1photo.html */ = {isa = PBXFileReference; lastKnownFileType = text.html; path = photoResponse_1photo.html; sourceTree = "<group>"; };
		7FDE1129219A108D001A424C /* photoResourceResponse_1photo.html */ = {isa = PBXFileReference; lastKnownFileType = text.html; path = photoResourceResponse_1photo.html; sourceTree = "<group>"; };
		7FED2CA42116145600AAE2A5 /* MenuViewState.swift */ = {isa = PBXFileReference; lastKnownFileType = sourcecode.swift; path = MenuViewState.swift; sourceTree = "<group>"; };
		7FED2CA6211623E600AAE2A5 /* LoadingStatusItemViewState.swift */ = {isa = PBXFileReference; lastKnownFileType = sourcecode.swift; path = LoadingStatusItemViewState.swift; sourceTree = "<group>"; };
		7FED2CAE2118830200AAE2A5 /* MenuAction.swift */ = {isa = PBXFileReference; lastKnownFileType = sourcecode.swift; path = MenuAction.swift; sourceTree = "<group>"; };
		7FF29061219601DF0018C003 /* UserNotificationCentering.swift */ = {isa = PBXFileReference; lastKnownFileType = sourcecode.swift; path = UserNotificationCentering.swift; sourceTree = "<group>"; };
		7FF290632196030B0018C003 /* Alert.swift */ = {isa = PBXFileReference; lastKnownFileType = sourcecode.swift; path = Alert.swift; sourceTree = "<group>"; };
		7FF29065219617FC0018C003 /* ResponseTests.swift */ = {isa = PBXFileReference; lastKnownFileType = sourcecode.swift; path = ResponseTests.swift; sourceTree = "<group>"; };
		7FF29067219622BD0018C003 /* Error.swift */ = {isa = PBXFileReference; lastKnownFileType = sourcecode.swift; path = Error.swift; sourceTree = "<group>"; };
		7FF290692196279A0018C003 /* Reachability.swift */ = {isa = PBXFileReference; lastKnownFileType = sourcecode.swift; path = Reachability.swift; sourceTree = "<group>"; };
		7FF2906B21962D190018C003 /* ReachabilityTests.swift */ = {isa = PBXFileReference; lastKnownFileType = sourcecode.swift; path = ReachabilityTests.swift; sourceTree = "<group>"; };
		7FF2906D2196ECEF0018C003 /* EmailController.swift */ = {isa = PBXFileReference; lastKnownFileType = sourcecode.swift; path = EmailController.swift; sourceTree = "<group>"; };
		7FF2906F2196EF8E0018C003 /* SharingServicable.swift */ = {isa = PBXFileReference; lastKnownFileType = sourcecode.swift; path = SharingServicable.swift; sourceTree = "<group>"; };
		7FF290712196F40D0018C003 /* EmailTests.swift */ = {isa = PBXFileReference; lastKnownFileType = sourcecode.swift; path = EmailTests.swift; sourceTree = "<group>"; };
		7FF290732196F5D50018C003 /* HelpTests.swift */ = {isa = PBXFileReference; lastKnownFileType = sourcecode.swift; path = HelpTests.swift; sourceTree = "<group>"; };
		7FF290752196FBA30018C003 /* Wait.swift */ = {isa = PBXFileReference; lastKnownFileType = sourcecode.swift; path = Wait.swift; sourceTree = "<group>"; };
		7FF29077219730A90018C003 /* OperationQueueable.swift */ = {isa = PBXFileReference; lastKnownFileType = sourcecode.swift; path = OperationQueueable.swift; sourceTree = "<group>"; };
		7FF29079219730BE0018C003 /* URLSessioning.swift */ = {isa = PBXFileReference; lastKnownFileType = sourcecode.swift; path = URLSessioning.swift; sourceTree = "<group>"; };
		7FF2908421973D0D0018C003 /* photoResponse_real.html */ = {isa = PBXFileReference; lastKnownFileType = text.html; path = photoResponse_real.html; sourceTree = "<group>"; };
		7FF2908521973D0E0018C003 /* photoAlbumResponse_real.js */ = {isa = PBXFileReference; lastKnownFileType = sourcecode.javascript; path = photoAlbumResponse_real.js; sourceTree = "<group>"; };
		7FF2908621973D0E0018C003 /* notes.txt */ = {isa = PBXFileReference; lastKnownFileType = text; path = notes.txt; sourceTree = "<group>"; };
		7FF2908721973D0E0018C003 /* photoResourceResponse_real.html */ = {isa = PBXFileReference; lastKnownFileType = text.html; path = photoResourceResponse_real.html; sourceTree = "<group>"; };
		7FF2908C21973E100018C003 /* TestResource.swift */ = {isa = PBXFileReference; lastKnownFileType = sourcecode.swift; path = TestResource.swift; sourceTree = "<group>"; };
/* End PBXFileReference section */

/* Begin PBXFrameworksBuildPhase section */
		7F51DA9B1FD33DF100502804 /* Frameworks */ = {
			isa = PBXFrameworksBuildPhase;
			buildActionMask = 2147483647;
			files = (
			);
			runOnlyForDeploymentPostprocessing = 0;
		};
		7F6738BD1FE2E4CB004DDAE1 /* Frameworks */ = {
			isa = PBXFrameworksBuildPhase;
			buildActionMask = 2147483647;
			files = (
			);
			runOnlyForDeploymentPostprocessing = 0;
		};
/* End PBXFrameworksBuildPhase section */

/* Begin PBXGroup section */
		7F247E621FD34F040077D878 /* Controller */ = {
			isa = PBXGroup;
			children = (
				7F51DABD1FD345EA00502804 /* AppController.swift */,
				7F615D931FD6A49E00DD519C /* AppMenuController.swift */,
				7F247E8C1FD469440077D878 /* PreferencesController.swift */,
				7FCF0EF01FD6CAE300138D77 /* WorkspaceController.swift */,
				7FCF0EEC1FD6C60300138D77 /* PhotoController.swift */,
				7F31E3392187B0EA00571BC1 /* AlertController.swift */,
				7FF2906D2196ECEF0018C003 /* EmailController.swift */,
			);
			name = Controller;
			sourceTree = "<group>";
		};
		7F247E631FD34F0E0077D878 /* Service */ = {
			isa = PBXGroup;
			children = (
				7F51DAC31FD348D500502804 /* PhotoAlbumService.swift */,
				7F247E641FD366D70077D878 /* PhotoService.swift */,
				7F247E731FD387470077D878 /* PhotoStorageService.swift */,
				7F247E961FD46E770077D878 /* PreferencesService.swift */,
			);
			name = Service;
			sourceTree = "<group>";
		};
		7F247E701FD385950077D878 /* Data */ = {
			isa = PBXGroup;
			children = (
				7F247E6E1FD3858E0077D878 /* DataManager.swift */,
			);
			name = Data;
			sourceTree = "<group>";
		};
		7F247E7D1FD42D260077D878 /* View */ = {
			isa = PBXGroup;
			children = (
				7F247E7E1FD42E240077D878 /* MenuItem.swift */,
				7F247E861FD430570077D878 /* Menu.swift */,
				7F247E881FD4366A0077D878 /* LoadingStatusItem.swift */,
			);
			name = View;
			sourceTree = "<group>";
		};
		7F247E9A1FD4752D0077D878 /* Storyboard */ = {
			isa = PBXGroup;
			children = (
				7F247EA11FD476910077D878 /* Preferences.storyboard */,
			);
			name = Storyboard;
			sourceTree = "<group>";
		};
		7F247E9B1FD475350077D878 /* Strings */ = {
			isa = PBXGroup;
			children = (
				7F247EA61FD476A20077D878 /* Localized.strings */,
			);
			name = Strings;
			sourceTree = "<group>";
		};
		7F247E9E1FD476490077D878 /* ViewController */ = {
			isa = PBXGroup;
			children = (
				7F247E9C1FD4763F0077D878 /* PreferencesViewController.swift */,
			);
			name = ViewController;
			sourceTree = "<group>";
		};
		7F247EB41FD495120077D878 /* Extension */ = {
			isa = PBXGroup;
			children = (
				7F247E831FD42FBF0077D878 /* StringExtensions.swift */,
				7F247E8A1FD43F510077D878 /* NSViewExtensions.swift */,
				7F247E941FD46D140077D878 /* StoryboardExtensions.swift */,
				7FCA8F1C2177BF3A0088E621 /* URLExtensions.swift */,
				7FCA8F202177C8EC0088E621 /* NSTextFieldExtensions.swift */,
				7F4291F6217B288D003E64C2 /* ColorExtensions.swift */,
				7F31E3372187ADB200571BC1 /* ArrayExtensions.swift */,
			);
			name = Extension;
			sourceTree = "<group>";
		};
		7F24BE3A2194CF31006BE4D0 /* Factory */ = {
			isa = PBXGroup;
			children = (
				7F24BE3F2194D243006BE4D0 /* AppDelegateFactory.swift */,
			);
			name = Factory;
			sourceTree = "<group>";
		};
		7F509AA01FDD6C1100152B33 /* Protocol */ = {
			isa = PBXGroup;
			children = (
				7FDE111921989540001A424C /* AsyncFlow.swift */,
				7FCA8F1E2177BFC20088E621 /* Keyable.swift */,
				7FED2CAE2118830200AAE2A5 /* MenuAction.swift */,
				7F509A9E1FDD6C0800152B33 /* Workspacing.swift */,
				7F65672C1FE04B1200A6CB7F /* Applicationable.swift */,
				7F6567471FE2A9F200A6CB7F /* WindowControlling.swift */,
				7F6738B21FE2CE3A004DDAE1 /* FileManaging.swift */,
				7F334BE9216D08E30094780E /* Mockable.swift */,
				7F24BE432194D886006BE4D0 /* UserDefaultable.swift */,
				7FF29061219601DF0018C003 /* UserNotificationCentering.swift */,
				7FF2906F2196EF8E0018C003 /* SharingServicable.swift */,
				7FF29077219730A90018C003 /* OperationQueueable.swift */,
				7FF29079219730BE0018C003 /* URLSessioning.swift */,
				7F1B2956219CAA3D0062C85D /* StatusBarable.swift */,
				7F1B2958219CABF30062C85D /* StatusItemable.swift */,
			);
			name = Protocol;
			sourceTree = "<group>";
		};
		7F51DA951FD33DF100502804 = {
			isa = PBXGroup;
			children = (
				7F247EB51FD496860077D878 /* change-log.txt */,
				7F51DAA01FD33DF100502804 /* GrafittiBackgrounds */,
				7F6738C11FE2E4CC004DDAE1 /* GrafittiBackgroundsTests */,
				7F51DA9F1FD33DF100502804 /* Products */,
			);
			sourceTree = "<group>";
		};
		7F51DA9F1FD33DF100502804 /* Products */ = {
			isa = PBXGroup;
			children = (
				7F51DA9E1FD33DF100502804 /* Grafitti Backgrounds.app */,
				7F6738C01FE2E4CB004DDAE1 /* GrafittiBackgroundsTests.xctest */,
			);
			name = Products;
			sourceTree = "<group>";
		};
		7F51DAA01FD33DF100502804 /* GrafittiBackgrounds */ = {
			isa = PBXGroup;
			children = (
				7F24BE3D2194D210006BE4D0 /* main.swift */,
				7F51DAA11FD33DF100502804 /* AppDelegate.swift */,
				7F24BE3A2194CF31006BE4D0 /* Factory */,
				7F247E621FD34F040077D878 /* Controller */,
				7F247E9E1FD476490077D878 /* ViewController */,
				7F247E7D1FD42D260077D878 /* View */,
				7FF290602195971C0018C003 /* ViewState */,
				7F51DAC51FD3497E00502804 /* Model */,
				7F247E631FD34F0E0077D878 /* Service */,
				7F51DAC61FD3498500502804 /* Network */,
				7F247E701FD385950077D878 /* Data */,
				7F51DACF1FD34A5400502804 /* Utility */,
				7F247EB41FD495120077D878 /* Extension */,
				7F509AA01FDD6C1100152B33 /* Protocol */,
				7F51DACB1FD349C200502804 /* Resource */,
			);
			path = GrafittiBackgrounds;
			sourceTree = "<group>";
		};
		7F51DAC51FD3497E00502804 /* Model */ = {
			isa = PBXGroup;
			children = (
				7F509A9C1FDB399E00152B33 /* AppMenu.swift */,
				7F51DABB1FD3405000502804 /* PhotoAlbum.swift */,
				7F51DAD01FD34B1200502804 /* PhotoResource.swift */,
				7F247E981FD46EA90077D878 /* Preferences.swift */,
				7FCF0EFA1FDA999B00138D77 /* SystemPreference.swift */,
				7FF290632196030B0018C003 /* Alert.swift */,
				7FF29067219622BD0018C003 /* Error.swift */,
			);
			name = Model;
			sourceTree = "<group>";
		};
		7F51DAC61FD3498500502804 /* Network */ = {
			isa = PBXGroup;
			children = (
				7F51DAC71FD3499300502804 /* Request */,
				7F51DAC81FD3499800502804 /* Response */,
				7F51DAAF1FD33DFD00502804 /* NetworkManager.swift */,
				7F247E791FD3944B0077D878 /* NetworkOperation.swift */,
				7F51DAB51FD33E8F00502804 /* HTTPVerb.swift */,
				7F51DAC11FD3482400502804 /* API.swift */,
			);
			name = Network;
			sourceTree = "<group>";
		};
		7F51DAC71FD3499300502804 /* Request */ = {
			isa = PBXGroup;
			children = (
				7F51DAB11FD33E3200502804 /* Request.swift */,
				7F247E681FD375E90077D878 /* PhotoRequest.swift */,
				7F51DAB31FD33E6800502804 /* PhotoAlbumsRequest.swift */,
				7F51DAD21FD34D0B00502804 /* PhotoResourceRequest.swift */,
			);
			name = Request;
			sourceTree = "<group>";
		};
		7F51DAC81FD3499800502804 /* Response */ = {
			isa = PBXGroup;
			children = (
				7F51DAB71FD33F1B00502804 /* Response.swift */,
				7F247E6A1FD375F10077D878 /* PhotoResponse.swift */,
				7F51DAB91FD33F5300502804 /* PhotoAlbumsResponse.swift */,
				7F51DAD41FD34D2A00502804 /* PhotoResourceResponse.swift */,
			);
			name = Response;
			sourceTree = "<group>";
		};
		7F51DACB1FD349C200502804 /* Resource */ = {
			isa = PBXGroup;
			children = (
				7F51DAA81FD33DF100502804 /* Info.plist */,
				7F51DAA91FD33DF100502804 /* GrafittiBackgrounds.entitlements */,
				7F51DAA31FD33DF100502804 /* Assets.xcassets */,
				7F4291F4217B27AA003E64C2 /* Colors.xcassets */,
				7F247E9B1FD475350077D878 /* Strings */,
				7F247E9A1FD4752D0077D878 /* Storyboard */,
			);
			name = Resource;
			sourceTree = "<group>";
		};
		7F51DACF1FD34A5400502804 /* Utility */ = {
			isa = PBXGroup;
			children = (
				7FDE111B2198C008001A424C /* AnyResult.swift */,
				7F247E751FD393A50077D878 /* BaseOperation.swift */,
				7F51DACD1FD34A4500502804 /* Log.swift */,
				7F98DB8C2180EBCA00656466 /* Result.swift */,
				7FF290692196279A0018C003 /* Reachability.swift */,
				7FDE11212199FC77001A424C /* Progress.swift */,
			);
			name = Utility;
			sourceTree = "<group>";
		};
		7F543E96214E8342008C2D5D /* Resources */ = {
			isa = PBXGroup;
			children = (
				7FF2908321973D0C0018C003 /* Network */,
				7F6738C41FE2E4CC004DDAE1 /* Info.plist */,
			);
			name = Resources;
			sourceTree = "<group>";
		};
		7F543E97214E8358008C2D5D /* Extensions */ = {
			isa = PBXGroup;
			children = (
				7F543E93214E8333008C2D5D /* NSMenuExtensions.swift */,
				7F65C8A82189E6D700634454 /* Testable.swift */,
				7F635A41218A6D7A0013E970 /* NSTextFieldExensions.swift */,
				7F1B295A219DF34B0062C85D /* TestEnvironment.swift */,
			);
			name = Extensions;
			sourceTree = "<group>";
		};
		7F6738C11FE2E4CC004DDAE1 /* GrafittiBackgroundsTests */ = {
			isa = PBXGroup;
			children = (
				7F6738C21FE2E4CC004DDAE1 /* QuitTests.swift */,
				7F65C8AA218A00E500634454 /* AboutTests.swift */,
				7F65C8AC218A011600634454 /* SystemPreferencesTests.swift */,
				7F65C8AE218A012A00634454 /* PreferencesTests.swift */,
				7F65C8B0218A013A00634454 /* CancelRefreshTests.swift */,
				7FF290712196F40D0018C003 /* EmailTests.swift */,
				7FF290732196F5D50018C003 /* HelpTests.swift */,
				7F65C8B2218A014600634454 /* RefreshTests.swift */,
				7F65C8B4218A015600634454 /* ClearFolderTests.swift */,
				7FF29065219617FC0018C003 /* ResponseTests.swift */,
				7FF2906B21962D190018C003 /* ReachabilityTests.swift */,
				7FF29091219740EF0018C003 /* Utility */,
				7F543E97214E8358008C2D5D /* Extensions */,
				7F6BC6BC216E9B2900353FA1 /* Generated */,
				7F543E96214E8342008C2D5D /* Resources */,
			);
			path = GrafittiBackgroundsTests;
			sourceTree = "<group>";
		};
		7F6BC6BC216E9B2900353FA1 /* Generated */ = {
			isa = PBXGroup;
			children = (
				7F24BE412194D679006BE4D0 /* template.generated.swift */,
			);
			name = Generated;
			sourceTree = "<group>";
		};
		7FF290602195971C0018C003 /* ViewState */ = {
			isa = PBXGroup;
			children = (
				7F925E6620460B250071F249 /* PreferencesViewState.swift */,
				7FED2CA42116145600AAE2A5 /* MenuViewState.swift */,
				7F365DEF21007FE20074F0BF /* MenuItemViewState.swift */,
				7FED2CA6211623E600AAE2A5 /* LoadingStatusItemViewState.swift */,
			);
			name = ViewState;
			sourceTree = "<group>";
		};
		7FF2908321973D0C0018C003 /* Network */ = {
			isa = PBXGroup;
			children = (
				7FF2908621973D0E0018C003 /* notes.txt */,
				7FF2908521973D0E0018C003 /* photoAlbumResponse_real.js */,
				7FDE1125219A0F49001A424C /* photoAlbumResponse_1album.js */,
				7FF2908421973D0D0018C003 /* photoResponse_real.html */,
				7FDE1127219A0FD2001A424C /* photoResponse_1photo.html */,
				7FF2908721973D0E0018C003 /* photoResourceResponse_real.html */,
				7FDE1129219A108D001A424C /* photoResourceResponse_1photo.html */,
			);
			name = Network;
			sourceTree = "<group>";
		};
		7FF29091219740EF0018C003 /* Utility */ = {
			isa = PBXGroup;
			children = (
				7FF290752196FBA30018C003 /* Wait.swift */,
				7FF2908C21973E100018C003 /* TestResource.swift */,
				7FDE1123219A0976001A424C /* TestNetworkManager.swift */,
			);
			name = Utility;
			sourceTree = "<group>";
		};
/* End PBXGroup section */

/* Begin PBXNativeTarget section */
		7F51DA9D1FD33DF100502804 /* GrafittiBackgrounds */ = {
			isa = PBXNativeTarget;
			buildConfigurationList = 7F51DAAC1FD33DF100502804 /* Build configuration list for PBXNativeTarget "GrafittiBackgrounds" */;
			buildPhases = (
				7F247EA91FD476ED0077D878 /* ShellScript */,
				7F4291F3217B2002003E64C2 /* ShellScript */,
				7F51DA9A1FD33DF100502804 /* Sources */,
				7F51DA9B1FD33DF100502804 /* Frameworks */,
				7F51DA9C1FD33DF100502804 /* Resources */,
			);
			buildRules = (
			);
			dependencies = (
			);
			name = GrafittiBackgrounds;
			productName = GooglePhotosBackground;
			productReference = 7F51DA9E1FD33DF100502804 /* Grafitti Backgrounds.app */;
			productType = "com.apple.product-type.application";
		};
		7F6738BF1FE2E4CB004DDAE1 /* GrafittiBackgroundsTests */ = {
			isa = PBXNativeTarget;
			buildConfigurationList = 7F6738C91FE2E4CC004DDAE1 /* Build configuration list for PBXNativeTarget "GrafittiBackgroundsTests" */;
			buildPhases = (
				7F876CB5216EAEA000483E8F /* ShellScript */,
				7F6738BC1FE2E4CB004DDAE1 /* Sources */,
				7F6738BD1FE2E4CB004DDAE1 /* Frameworks */,
				7F6738BE1FE2E4CB004DDAE1 /* Resources */,
			);
			buildRules = (
			);
			dependencies = (
				7F6738C61FE2E4CC004DDAE1 /* PBXTargetDependency */,
			);
			name = GrafittiBackgroundsTests;
			productName = GrafittiBackgroundsTests;
			productReference = 7F6738C01FE2E4CB004DDAE1 /* GrafittiBackgroundsTests.xctest */;
			productType = "com.apple.product-type.bundle.unit-test";
		};
/* End PBXNativeTarget section */

/* Begin PBXProject section */
		7F51DA961FD33DF100502804 /* Project object */ = {
			isa = PBXProject;
			attributes = {
				LastSwiftUpdateCheck = 0910;
				LastUpgradeCheck = 0940;
				ORGANIZATIONNAME = "Pink Chicken";
				TargetAttributes = {
					7F51DA9D1FD33DF100502804 = {
						CreatedOnToolsVersion = 9.1;
						LastSwiftMigration = 1000;
						ProvisioningStyle = Automatic;
					};
					7F6738BF1FE2E4CB004DDAE1 = {
						CreatedOnToolsVersion = 9.1;
						LastSwiftMigration = 1000;
						ProvisioningStyle = Automatic;
						TestTargetID = 7F51DA9D1FD33DF100502804;
					};
				};
			};
			buildConfigurationList = 7F51DA991FD33DF100502804 /* Build configuration list for PBXProject "GrafittiBackgrounds" */;
			compatibilityVersion = "Xcode 8.0";
			developmentRegion = en;
			hasScannedForEncodings = 0;
			knownRegions = (
				en,
				Base,
			);
			mainGroup = 7F51DA951FD33DF100502804;
			productRefGroup = 7F51DA9F1FD33DF100502804 /* Products */;
			projectDirPath = "";
			projectRoot = "";
			targets = (
				7F51DA9D1FD33DF100502804 /* GrafittiBackgrounds */,
				7F6738BF1FE2E4CB004DDAE1 /* GrafittiBackgroundsTests */,
			);
		};
/* End PBXProject section */

/* Begin PBXResourcesBuildPhase section */
		7F51DA9C1FD33DF100502804 /* Resources */ = {
			isa = PBXResourcesBuildPhase;
			buildActionMask = 2147483647;
			files = (
				7F247E9F1FD476910077D878 /* Preferences.storyboard in Resources */,
				7F4291F5217B27AA003E64C2 /* Colors.xcassets in Resources */,
				7F247EA41FD476A20077D878 /* Localized.strings in Resources */,
				7F51DAA41FD33DF100502804 /* Assets.xcassets in Resources */,
			);
			runOnlyForDeploymentPostprocessing = 0;
		};
		7F6738BE1FE2E4CB004DDAE1 /* Resources */ = {
			isa = PBXResourcesBuildPhase;
			buildActionMask = 2147483647;
			files = (
				7FF2909021973F9F0018C003 /* photoResponse_real.html in Resources */,
				7FDE1126219A0F49001A424C /* photoAlbumResponse_1album.js in Resources */,
				7FDE112A219A108D001A424C /* photoResourceResponse_1photo.html in Resources */,
				7FDE1128219A0FD2001A424C /* photoResponse_1photo.html in Resources */,
				7FF2908E21973F970018C003 /* photoAlbumResponse_real.js in Resources */,
				7FF2908F21973F9B0018C003 /* photoResourceResponse_real.html in Resources */,
			);
			runOnlyForDeploymentPostprocessing = 0;
		};
/* End PBXResourcesBuildPhase section */

/* Begin PBXShellScriptBuildPhase section */
		7F247EA91FD476ED0077D878 /* ShellScript */ = {
			isa = PBXShellScriptBuildPhase;
			buildActionMask = 2147483647;
			files = (
			);
			inputPaths = (
			);
			outputPaths = (
			);
			runOnlyForDeploymentPostprocessing = 0;
			shellPath = /bin/sh;
			shellScript = "sh base-lang.sh\n";
		};
		7F4291F3217B2002003E64C2 /* ShellScript */ = {
			isa = PBXShellScriptBuildPhase;
			buildActionMask = 2147483647;
			files = (
			);
			inputFileListPaths = (
			);
			inputPaths = (
			);
			outputFileListPaths = (
			);
			outputPaths = (
			);
			runOnlyForDeploymentPostprocessing = 0;
			shellPath = /bin/sh;
			shellScript = "if which swiftlint >/dev/null; then\n    swiftlint\nelse\n    echo \"warning: SwiftLint not installed, download from https://github.com/realm/SwiftLint\"\nfi\n";
		};
		7F876CB5216EAEA000483E8F /* ShellScript */ = {
			isa = PBXShellScriptBuildPhase;
			buildActionMask = 2147483647;
			files = (
			);
			inputPaths = (
			);
			outputPaths = (
			);
			runOnlyForDeploymentPostprocessing = 0;
			shellPath = /bin/sh;
			shellScript = "sourcery\n";
		};
/* End PBXShellScriptBuildPhase section */

/* Begin PBXSourcesBuildPhase section */
		7F51DA9A1FD33DF100502804 /* Sources */ = {
			isa = PBXSourcesBuildPhase;
			buildActionMask = 2147483647;
			files = (
				7FDE111A21989540001A424C /* AsyncFlow.swift in Sources */,
				7FCA8F212177C8EC0088E621 /* NSTextFieldExtensions.swift in Sources */,
				7F247E761FD393A50077D878 /* BaseOperation.swift in Sources */,
				7F247E971FD46E770077D878 /* PreferencesService.swift in Sources */,
				7FF2906A2196279A0018C003 /* Reachability.swift in Sources */,
				7F247E691FD375E90077D878 /* PhotoRequest.swift in Sources */,
				7F1B2959219CABF30062C85D /* StatusItemable.swift in Sources */,
				7F247E7A1FD3944B0077D878 /* NetworkOperation.swift in Sources */,
				7FF2906E2196ECEF0018C003 /* EmailController.swift in Sources */,
				7FF29062219601DF0018C003 /* UserNotificationCentering.swift in Sources */,
				7F247E6F1FD3858E0077D878 /* DataManager.swift in Sources */,
				7FF290642196030B0018C003 /* Alert.swift in Sources */,
				7F1B2957219CAA3D0062C85D /* StatusBarable.swift in Sources */,
				7F247E8D1FD469440077D878 /* PreferencesController.swift in Sources */,
				7F6738B31FE2CE3A004DDAE1 /* FileManaging.swift in Sources */,
				7F51DAD11FD34B1200502804 /* PhotoResource.swift in Sources */,
				7F334BEA216D08E30094780E /* Mockable.swift in Sources */,
				7F31E33A2187B0EA00571BC1 /* AlertController.swift in Sources */,
				7F51DAD31FD34D0B00502804 /* PhotoResourceRequest.swift in Sources */,
				7FF290702196EF8E0018C003 /* SharingServicable.swift in Sources */,
				7F247E871FD430570077D878 /* Menu.swift in Sources */,
				7FED2CA52116145600AAE2A5 /* MenuViewState.swift in Sources */,
				7F247E6B1FD375F10077D878 /* PhotoResponse.swift in Sources */,
				7FCF0EFB1FDA999B00138D77 /* SystemPreference.swift in Sources */,
				7F51DAB01FD33DFD00502804 /* NetworkManager.swift in Sources */,
				7F615D941FD6A49E00DD519C /* AppMenuController.swift in Sources */,
				7F509A9D1FDB399E00152B33 /* AppMenu.swift in Sources */,
				7F247E8B1FD43F510077D878 /* NSViewExtensions.swift in Sources */,
				7F98DB8D2180EBCA00656466 /* Result.swift in Sources */,
				7FCA8F1F2177BFC20088E621 /* Keyable.swift in Sources */,
				7F925E6720460B250071F249 /* PreferencesViewState.swift in Sources */,
				7F24BE402194D243006BE4D0 /* AppDelegateFactory.swift in Sources */,
				7F51DAB61FD33E9000502804 /* HTTPVerb.swift in Sources */,
				7F51DAB21FD33E3200502804 /* Request.swift in Sources */,
				7FF29068219622BD0018C003 /* Error.swift in Sources */,
				7F247E991FD46EA90077D878 /* Preferences.swift in Sources */,
				7F51DAA21FD33DF100502804 /* AppDelegate.swift in Sources */,
				7F24BE3E2194D210006BE4D0 /* main.swift in Sources */,
				7F51DAD51FD34D2A00502804 /* PhotoResourceResponse.swift in Sources */,
				7FDE111C2198C008001A424C /* AnyResult.swift in Sources */,
				7F247E9D1FD4763F0077D878 /* PreferencesViewController.swift in Sources */,
				7F247E7F1FD42E240077D878 /* MenuItem.swift in Sources */,
				7FCA8F1D2177BF3A0088E621 /* URLExtensions.swift in Sources */,
				7FED2CA7211623E600AAE2A5 /* LoadingStatusItemViewState.swift in Sources */,
				7FDE11222199FC77001A424C /* Progress.swift in Sources */,
				7F51DAB81FD33F1B00502804 /* Response.swift in Sources */,
				7F51DAB41FD33E6800502804 /* PhotoAlbumsRequest.swift in Sources */,
				7FED2CAF2118830200AAE2A5 /* MenuAction.swift in Sources */,
				7F51DACE1FD34A4500502804 /* Log.swift in Sources */,
				7F4291F7217B288D003E64C2 /* ColorExtensions.swift in Sources */,
				7F31E3382187ADB200571BC1 /* ArrayExtensions.swift in Sources */,
				7FF2907A219730BE0018C003 /* URLSessioning.swift in Sources */,
				7F24BE442194D886006BE4D0 /* UserDefaultable.swift in Sources */,
				7F51DABE1FD345EA00502804 /* AppController.swift in Sources */,
				7F51DABA1FD33F5300502804 /* PhotoAlbumsResponse.swift in Sources */,
				7FCF0EED1FD6C60300138D77 /* PhotoController.swift in Sources */,
				7F247E951FD46D140077D878 /* StoryboardExtensions.swift in Sources */,
				7F509A9F1FDD6C0800152B33 /* Workspacing.swift in Sources */,
				7FCF0EF11FD6CAE300138D77 /* WorkspaceController.swift in Sources */,
				7F247E651FD366D70077D878 /* PhotoService.swift in Sources */,
				7F51DAC21FD3482400502804 /* API.swift in Sources */,
				7F6567481FE2A9F200A6CB7F /* WindowControlling.swift in Sources */,
				7F247E741FD387470077D878 /* PhotoStorageService.swift in Sources */,
				7F51DAC41FD348D500502804 /* PhotoAlbumService.swift in Sources */,
				7F247E891FD4366A0077D878 /* LoadingStatusItem.swift in Sources */,
				7F65672D1FE04B1200A6CB7F /* Applicationable.swift in Sources */,
				7F247E841FD42FBF0077D878 /* StringExtensions.swift in Sources */,
				7FF29078219730A90018C003 /* OperationQueueable.swift in Sources */,
				7F365DF021007FE20074F0BF /* MenuItemViewState.swift in Sources */,
				7F51DABC1FD3405000502804 /* PhotoAlbum.swift in Sources */,
			);
			runOnlyForDeploymentPostprocessing = 0;
		};
		7F6738BC1FE2E4CB004DDAE1 /* Sources */ = {
			isa = PBXSourcesBuildPhase;
			buildActionMask = 2147483647;
			files = (
				7F65C8AB218A00E500634454 /* AboutTests.swift in Sources */,
				7F65C8B5218A015600634454 /* ClearFolderTests.swift in Sources */,
				7F6738C31FE2E4CC004DDAE1 /* QuitTests.swift in Sources */,
				7F65C8A92189E6D700634454 /* Testable.swift in Sources */,
				7F65C8B1218A013A00634454 /* CancelRefreshTests.swift in Sources */,
				7F543E94214E8333008C2D5D /* NSMenuExtensions.swift in Sources */,
				7FF290742196F5D50018C003 /* HelpTests.swift in Sources */,
				7F24BE422194D679006BE4D0 /* template.generated.swift in Sources */,
				7F65C8B3218A014600634454 /* RefreshTests.swift in Sources */,
				7F1B295B219DF34B0062C85D /* TestEnvironment.swift in Sources */,
				7FF290762196FBA30018C003 /* Wait.swift in Sources */,
				7F65C8AD218A011600634454 /* SystemPreferencesTests.swift in Sources */,
				7FF2908D21973E100018C003 /* TestResource.swift in Sources */,
				7FF29066219617FC0018C003 /* ResponseTests.swift in Sources */,
				7FF290722196F40D0018C003 /* EmailTests.swift in Sources */,
				7FDE1124219A0976001A424C /* TestNetworkManager.swift in Sources */,
				7FF2906C21962D190018C003 /* ReachabilityTests.swift in Sources */,
				7F65C8AF218A012A00634454 /* PreferencesTests.swift in Sources */,
				7F635A42218A6D7A0013E970 /* NSTextFieldExensions.swift in Sources */,
			);
			runOnlyForDeploymentPostprocessing = 0;
		};
/* End PBXSourcesBuildPhase section */

/* Begin PBXTargetDependency section */
		7F6738C61FE2E4CC004DDAE1 /* PBXTargetDependency */ = {
			isa = PBXTargetDependency;
			target = 7F51DA9D1FD33DF100502804 /* GrafittiBackgrounds */;
			targetProxy = 7F6738C51FE2E4CC004DDAE1 /* PBXContainerItemProxy */;
		};
/* End PBXTargetDependency section */

/* Begin PBXVariantGroup section */
		7F247EA11FD476910077D878 /* Preferences.storyboard */ = {
			isa = PBXVariantGroup;
			children = (
				7F247EA01FD476910077D878 /* Base */,
				7F247EB31FD485EA0077D878 /* en */,
			);
			name = Preferences.storyboard;
			sourceTree = "<group>";
		};
		7F247EA61FD476A20077D878 /* Localized.strings */ = {
			isa = PBXVariantGroup;
			children = (
				7F247EA71FD476A70077D878 /* Base */,
				7F247EA81FD476BF0077D878 /* en */,
			);
			name = Localized.strings;
			sourceTree = "<group>";
		};
/* End PBXVariantGroup section */

/* Begin XCBuildConfiguration section */
		7F51DAAA1FD33DF100502804 /* Debug */ = {
			isa = XCBuildConfiguration;
			buildSettings = {
				ALWAYS_SEARCH_USER_PATHS = NO;
				CLANG_ANALYZER_NONNULL = YES;
				CLANG_ANALYZER_NUMBER_OBJECT_CONVERSION = YES_AGGRESSIVE;
				CLANG_CXX_LANGUAGE_STANDARD = "gnu++14";
				CLANG_CXX_LIBRARY = "libc++";
				CLANG_ENABLE_MODULES = YES;
				CLANG_ENABLE_OBJC_ARC = YES;
				CLANG_WARN_BLOCK_CAPTURE_AUTORELEASING = YES;
				CLANG_WARN_BOOL_CONVERSION = YES;
				CLANG_WARN_COMMA = YES;
				CLANG_WARN_CONSTANT_CONVERSION = YES;
				CLANG_WARN_DEPRECATED_OBJC_IMPLEMENTATIONS = YES;
				CLANG_WARN_DIRECT_OBJC_ISA_USAGE = YES_ERROR;
				CLANG_WARN_DOCUMENTATION_COMMENTS = YES;
				CLANG_WARN_EMPTY_BODY = YES;
				CLANG_WARN_ENUM_CONVERSION = YES;
				CLANG_WARN_INFINITE_RECURSION = YES;
				CLANG_WARN_INT_CONVERSION = YES;
				CLANG_WARN_NON_LITERAL_NULL_CONVERSION = YES;
				CLANG_WARN_OBJC_IMPLICIT_RETAIN_SELF = YES;
				CLANG_WARN_OBJC_LITERAL_CONVERSION = YES;
				CLANG_WARN_OBJC_ROOT_CLASS = YES_ERROR;
				CLANG_WARN_RANGE_LOOP_ANALYSIS = YES;
				CLANG_WARN_STRICT_PROTOTYPES = YES;
				CLANG_WARN_SUSPICIOUS_MOVE = YES;
				CLANG_WARN_UNGUARDED_AVAILABILITY = YES_AGGRESSIVE;
				CLANG_WARN_UNREACHABLE_CODE = YES;
				CLANG_WARN__DUPLICATE_METHOD_MATCH = YES;
				CODE_SIGN_IDENTITY = "-";
				COPY_PHASE_STRIP = NO;
				DEBUG_INFORMATION_FORMAT = dwarf;
				ENABLE_STRICT_OBJC_MSGSEND = YES;
				ENABLE_TESTABILITY = YES;
				GCC_C_LANGUAGE_STANDARD = gnu11;
				GCC_DYNAMIC_NO_PIC = NO;
				GCC_NO_COMMON_BLOCKS = YES;
				GCC_OPTIMIZATION_LEVEL = 0;
				GCC_PREPROCESSOR_DEFINITIONS = (
					"DEBUG=1",
					"$(inherited)",
				);
				GCC_WARN_64_TO_32_BIT_CONVERSION = YES;
				GCC_WARN_ABOUT_RETURN_TYPE = YES_ERROR;
				GCC_WARN_UNDECLARED_SELECTOR = YES;
				GCC_WARN_UNINITIALIZED_AUTOS = YES_AGGRESSIVE;
				GCC_WARN_UNUSED_FUNCTION = YES;
				GCC_WARN_UNUSED_VARIABLE = YES;
				MACOSX_DEPLOYMENT_TARGET = 10.12;
				MTL_ENABLE_DEBUG_INFO = YES;
				ONLY_ACTIVE_ARCH = YES;
				SDKROOT = macosx;
				SWIFT_ACTIVE_COMPILATION_CONDITIONS = DEBUG;
				SWIFT_OPTIMIZATION_LEVEL = "-Onone";
			};
			name = Debug;
		};
		7F51DAAB1FD33DF100502804 /* Release */ = {
			isa = XCBuildConfiguration;
			buildSettings = {
				ALWAYS_SEARCH_USER_PATHS = NO;
				CLANG_ANALYZER_NONNULL = YES;
				CLANG_ANALYZER_NUMBER_OBJECT_CONVERSION = YES_AGGRESSIVE;
				CLANG_CXX_LANGUAGE_STANDARD = "gnu++14";
				CLANG_CXX_LIBRARY = "libc++";
				CLANG_ENABLE_MODULES = YES;
				CLANG_ENABLE_OBJC_ARC = YES;
				CLANG_WARN_BLOCK_CAPTURE_AUTORELEASING = YES;
				CLANG_WARN_BOOL_CONVERSION = YES;
				CLANG_WARN_COMMA = YES;
				CLANG_WARN_CONSTANT_CONVERSION = YES;
				CLANG_WARN_DEPRECATED_OBJC_IMPLEMENTATIONS = YES;
				CLANG_WARN_DIRECT_OBJC_ISA_USAGE = YES_ERROR;
				CLANG_WARN_DOCUMENTATION_COMMENTS = YES;
				CLANG_WARN_EMPTY_BODY = YES;
				CLANG_WARN_ENUM_CONVERSION = YES;
				CLANG_WARN_INFINITE_RECURSION = YES;
				CLANG_WARN_INT_CONVERSION = YES;
				CLANG_WARN_NON_LITERAL_NULL_CONVERSION = YES;
				CLANG_WARN_OBJC_IMPLICIT_RETAIN_SELF = YES;
				CLANG_WARN_OBJC_LITERAL_CONVERSION = YES;
				CLANG_WARN_OBJC_ROOT_CLASS = YES_ERROR;
				CLANG_WARN_RANGE_LOOP_ANALYSIS = YES;
				CLANG_WARN_STRICT_PROTOTYPES = YES;
				CLANG_WARN_SUSPICIOUS_MOVE = YES;
				CLANG_WARN_UNGUARDED_AVAILABILITY = YES_AGGRESSIVE;
				CLANG_WARN_UNREACHABLE_CODE = YES;
				CLANG_WARN__DUPLICATE_METHOD_MATCH = YES;
				CODE_SIGN_IDENTITY = "-";
				COPY_PHASE_STRIP = NO;
				DEBUG_INFORMATION_FORMAT = "dwarf-with-dsym";
				ENABLE_NS_ASSERTIONS = NO;
				ENABLE_STRICT_OBJC_MSGSEND = YES;
				GCC_C_LANGUAGE_STANDARD = gnu11;
				GCC_NO_COMMON_BLOCKS = YES;
				GCC_WARN_64_TO_32_BIT_CONVERSION = YES;
				GCC_WARN_ABOUT_RETURN_TYPE = YES_ERROR;
				GCC_WARN_UNDECLARED_SELECTOR = YES;
				GCC_WARN_UNINITIALIZED_AUTOS = YES_AGGRESSIVE;
				GCC_WARN_UNUSED_FUNCTION = YES;
				GCC_WARN_UNUSED_VARIABLE = YES;
				MACOSX_DEPLOYMENT_TARGET = 10.12;
				MTL_ENABLE_DEBUG_INFO = NO;
				SDKROOT = macosx;
				SWIFT_OPTIMIZATION_LEVEL = "-Owholemodule";
			};
			name = Release;
		};
		7F51DAAD1FD33DF100502804 /* Debug */ = {
			isa = XCBuildConfiguration;
			buildSettings = {
				ASSETCATALOG_COMPILER_APPICON_NAME = AppIcon;
				CODE_SIGN_ENTITLEMENTS = GrafittiBackgrounds/GrafittiBackgrounds.entitlements;
				CODE_SIGN_IDENTITY = "Mac Developer";
				CODE_SIGN_STYLE = Automatic;
				COMBINE_HIDPI_IMAGES = YES;
				DEVELOPMENT_TEAM = PFC77GK3D7;
				INFOPLIST_FILE = GrafittiBackgrounds/Info.plist;
				LD_RUNPATH_SEARCH_PATHS = "$(inherited) @executable_path/../Frameworks";
				MACOSX_DEPLOYMENT_TARGET = 10.13;
				PRODUCT_BUNDLE_IDENTIFIER = com.pinkchicken.GrafittiBackgrounds;
				PRODUCT_NAME = "Grafitti Backgrounds";
				PROVISIONING_PROFILE_SPECIFIER = "";
				SWIFT_VERSION = 4.2;
			};
			name = Debug;
		};
		7F51DAAE1FD33DF100502804 /* Release */ = {
			isa = XCBuildConfiguration;
			buildSettings = {
				ASSETCATALOG_COMPILER_APPICON_NAME = AppIcon;
				CODE_SIGN_ENTITLEMENTS = GrafittiBackgrounds/GrafittiBackgrounds.entitlements;
				CODE_SIGN_IDENTITY = "Mac Developer";
				CODE_SIGN_STYLE = Automatic;
				COMBINE_HIDPI_IMAGES = YES;
				DEVELOPMENT_TEAM = PFC77GK3D7;
				INFOPLIST_FILE = GrafittiBackgrounds/Info.plist;
				LD_RUNPATH_SEARCH_PATHS = "$(inherited) @executable_path/../Frameworks";
				MACOSX_DEPLOYMENT_TARGET = 10.13;
				PRODUCT_BUNDLE_IDENTIFIER = com.pinkchicken.GrafittiBackgrounds;
				PRODUCT_NAME = "Grafitti Backgrounds";
				PROVISIONING_PROFILE_SPECIFIER = "";
				SWIFT_VERSION = 4.2;
			};
			name = Release;
		};
		7F6738C71FE2E4CC004DDAE1 /* Debug */ = {
			isa = XCBuildConfiguration;
			buildSettings = {
				BUNDLE_LOADER = "$(TEST_HOST)";
				CLANG_ENABLE_MODULES = YES;
				CODE_SIGN_IDENTITY = "Mac Developer";
				CODE_SIGN_STYLE = Automatic;
				COMBINE_HIDPI_IMAGES = YES;
				DEVELOPMENT_TEAM = PFC77GK3D7;
				INFOPLIST_FILE = GrafittiBackgroundsTests/Info.plist;
				LD_RUNPATH_SEARCH_PATHS = "$(inherited) @executable_path/../Frameworks @loader_path/../Frameworks";
				MACOSX_DEPLOYMENT_TARGET = 10.13;
				PRODUCT_BUNDLE_IDENTIFIER = com.pinkchicken.GrafittiBackgroundsTests;
				PRODUCT_NAME = "$(TARGET_NAME)";
				PROVISIONING_PROFILE_SPECIFIER = "";
				SWIFT_OPTIMIZATION_LEVEL = "-Onone";
				SWIFT_VERSION = 4.2;
				TEST_HOST = "$(BUILT_PRODUCTS_DIR)/Grafitti Backgrounds.app/Contents/MacOS/Grafitti Backgrounds";
			};
			name = Debug;
		};
		7F6738C81FE2E4CC004DDAE1 /* Release */ = {
			isa = XCBuildConfiguration;
			buildSettings = {
				BUNDLE_LOADER = "$(TEST_HOST)";
				CLANG_ENABLE_MODULES = YES;
				CODE_SIGN_IDENTITY = "Mac Developer";
				CODE_SIGN_STYLE = Automatic;
				COMBINE_HIDPI_IMAGES = YES;
				DEVELOPMENT_TEAM = PFC77GK3D7;
				INFOPLIST_FILE = GrafittiBackgroundsTests/Info.plist;
				LD_RUNPATH_SEARCH_PATHS = "$(inherited) @executable_path/../Frameworks @loader_path/../Frameworks";
				MACOSX_DEPLOYMENT_TARGET = 10.13;
				PRODUCT_BUNDLE_IDENTIFIER = com.pinkchicken.GrafittiBackgroundsTests;
				PRODUCT_NAME = "$(TARGET_NAME)";
				PROVISIONING_PROFILE_SPECIFIER = "";
				SWIFT_VERSION = 4.2;
				TEST_HOST = "$(BUILT_PRODUCTS_DIR)/Grafitti Backgrounds.app/Contents/MacOS/Grafitti Backgrounds";
			};
			name = Release;
		};
/* End XCBuildConfiguration section */

/* Begin XCConfigurationList section */
		7F51DA991FD33DF100502804 /* Build configuration list for PBXProject "GrafittiBackgrounds" */ = {
			isa = XCConfigurationList;
			buildConfigurations = (
				7F51DAAA1FD33DF100502804 /* Debug */,
				7F51DAAB1FD33DF100502804 /* Release */,
			);
			defaultConfigurationIsVisible = 0;
			defaultConfigurationName = Release;
		};
		7F51DAAC1FD33DF100502804 /* Build configuration list for PBXNativeTarget "GrafittiBackgrounds" */ = {
			isa = XCConfigurationList;
			buildConfigurations = (
				7F51DAAD1FD33DF100502804 /* Debug */,
				7F51DAAE1FD33DF100502804 /* Release */,
			);
			defaultConfigurationIsVisible = 0;
			defaultConfigurationName = Release;
		};
		7F6738C91FE2E4CC004DDAE1 /* Build configuration list for PBXNativeTarget "GrafittiBackgroundsTests" */ = {
			isa = XCConfigurationList;
			buildConfigurations = (
				7F6738C71FE2E4CC004DDAE1 /* Debug */,
				7F6738C81FE2E4CC004DDAE1 /* Release */,
			);
			defaultConfigurationIsVisible = 0;
			defaultConfigurationName = Release;
		};
/* End XCConfigurationList section */
	};
	rootObject = 7F51DA961FD33DF100502804 /* Project object */;
}
